
Microsoft Visual Studio Solution File, Format Version 12.00
# Visual Studio 2013
VisualStudioVersion = 12.0.40629.0
MinimumVisualStudioVersion = 10.0.40219.1
Project("{FAE04EC0-301F-11D3-BF4B-00C04F79EFBC}") = "ATM", "ATM\ATM.csproj", "{3BDB639D-E6CA-4D30-855F-7805E0403186}"
EndProject
Project("{FAE04EC0-301F-11D3-BF4B-00C04F79EFBC}") = "ATM.Tests", "ATM.Tests\ATM.Tests.csproj", "{83F52939-FA2F-44DC-BD34-1BD1A5024D13}"
EndProject
Global
	GlobalSection(SolutionConfigurationPlatforms) = preSolution
		Debug|Any CPU = Debug|Any CPU
		Release|Any CPU = Release|Any CPU
	EndGlobalSection
	GlobalSection(ProjectConfigurationPlatforms) = postSolution
		{3BDB639D-E6CA-4D30-855F-7805E0403186}.Debug|Any CPU.ActiveCfg = Debug|Any CPU
		{3BDB639D-E6CA-4D30-855F-7805E0403186}.Debug|Any CPU.Build.0 = Debug|Any CPU
		{3BDB639D-E6CA-4D30-855F-7805E0403186}.Release|Any CPU.ActiveCfg = Release|Any CPU
		{3BDB639D-E6CA-4D30-855F-7805E0403186}.Release|Any CPU.Build.0 = Release|Any CPU
		{83F52939-FA2F-44DC-BD34-1BD1A5024D13}.Debug|Any CPU.ActiveCfg = Debug|Any CPU
		{83F52939-FA2F-44DC-BD34-1BD1A5024D13}.Debug|Any CPU.Build.0 = Debug|Any CPU
		{83F52939-FA2F-44DC-BD34-1BD1A5024D13}.Release|Any CPU.ActiveCfg = Release|Any CPU
		{83F52939-FA2F-44DC-BD34-1BD1A5024D13}.Release|Any CPU.Build.0 = Release|Any CPU
	EndGlobalSection
	GlobalSection(SolutionProperties) = preSolution
		HideSolutionNode = FALSE
	EndGlobalSection
EndGlobal
